
Microsoft Visual Studio Solution File, Format Version 12.00
# Visual Studio 14
VisualStudioVersion = 14.0.25420.1
MinimumVisualStudioVersion = 10.0.40219.1
Project("{FAE04EC0-301F-11D3-BF4B-00C04F79EFBC}") = "SQSCore", "SQSCore\SQSCore.csproj", "{58D49085-DFB1-419E-931E-B315E01F581C}"
EndProject
Project("{FAE04EC0-301F-11D3-BF4B-00C04F79EFBC}") = "ComLib", "ComLib\ComLib.csproj", "{6F130889-E4D4-420A-8B5F-B5EB29BD2DE0}"
EndProject
Project("{FAE04EC0-301F-11D3-BF4B-00C04F79EFBC}") = "DataService", "DataService\DataService\DataService.csproj", "{28E6AE1A-EE12-4168-9541-7C5851ECD04F}"
EndProject
Project("{2150E333-8FDC-42A3-9474-1A3956D46DE8}") = "Solution Items", "Solution Items", "{E202075C-2A84-4C2C-8B0E-E4F81476FC3A}"
	ProjectSection(SolutionItems) = preProject
		调用方法.txt = 调用方法.txt
	EndProjectSection
EndProject
Project("{FAE04EC0-301F-11D3-BF4B-00C04F79EFBC}") = "CacheService", "CacheService\CacheService.csproj", "{3B4CEC9B-E4A5-4F53-BC85-2E4C8A854D51}"
EndProject
Project("{FAE04EC0-301F-11D3-BF4B-00C04F79EFBC}") = "Web", "Web\Web.csproj", "{214EC2C8-D03C-4755-83DE-56861E7B1DA1}"
EndProject
Global
	GlobalSection(SolutionConfigurationPlatforms) = preSolution
		Debug|Any CPU = Debug|Any CPU
		Release|Any CPU = Release|Any CPU
	EndGlobalSection
	GlobalSection(ProjectConfigurationPlatforms) = postSolution
		{58D49085-DFB1-419E-931E-B315E01F581C}.Debug|Any CPU.ActiveCfg = Debug|Any CPU
		{58D49085-DFB1-419E-931E-B315E01F581C}.Debug|Any CPU.Build.0 = Debug|Any CPU
		{58D49085-DFB1-419E-931E-B315E01F581C}.Release|Any CPU.ActiveCfg = Release|Any CPU
		{58D49085-DFB1-419E-931E-B315E01F581C}.Release|Any CPU.Build.0 = Release|Any CPU
		{6F130889-E4D4-420A-8B5F-B5EB29BD2DE0}.Debug|Any CPU.ActiveCfg = Debug|Any CPU
		{6F130889-E4D4-420A-8B5F-B5EB29BD2DE0}.Debug|Any CPU.Build.0 = Debug|Any CPU
		{6F130889-E4D4-420A-8B5F-B5EB29BD2DE0}.Release|Any CPU.ActiveCfg = Release|Any CPU
		{6F130889-E4D4-420A-8B5F-B5EB29BD2DE0}.Release|Any CPU.Build.0 = Release|Any CPU
		{28E6AE1A-EE12-4168-9541-7C5851ECD04F}.Debug|Any CPU.ActiveCfg = Debug|Any CPU
		{28E6AE1A-EE12-4168-9541-7C5851ECD04F}.Debug|Any CPU.Build.0 = Debug|Any CPU
		{28E6AE1A-EE12-4168-9541-7C5851ECD04F}.Release|Any CPU.ActiveCfg = Release|Any CPU
		{28E6AE1A-EE12-4168-9541-7C5851ECD04F}.Release|Any CPU.Build.0 = Release|Any CPU
		{3B4CEC9B-E4A5-4F53-BC85-2E4C8A854D51}.Debug|Any CPU.ActiveCfg = Debug|Any CPU
		{3B4CEC9B-E4A5-4F53-BC85-2E4C8A854D51}.Debug|Any CPU.Build.0 = Debug|Any CPU
		{3B4CEC9B-E4A5-4F53-BC85-2E4C8A854D51}.Release|Any CPU.ActiveCfg = Release|Any CPU
		{3B4CEC9B-E4A5-4F53-BC85-2E4C8A854D51}.Release|Any CPU.Build.0 = Release|Any CPU
		{214EC2C8-D03C-4755-83DE-56861E7B1DA1}.Debug|Any CPU.ActiveCfg = Debug|Any CPU
		{214EC2C8-D03C-4755-83DE-56861E7B1DA1}.Debug|Any CPU.Build.0 = Debug|Any CPU
		{214EC2C8-D03C-4755-83DE-56861E7B1DA1}.Release|Any CPU.ActiveCfg = Release|Any CPU
		{214EC2C8-D03C-4755-83DE-56861E7B1DA1}.Release|Any CPU.Build.0 = Release|Any CPU
	EndGlobalSection
	GlobalSection(SolutionProperties) = preSolution
		HideSolutionNode = FALSE
	EndGlobalSection
EndGlobal
